{
  "name": "force",
  "version": "0.0.1",
  "dependencies": {
    "express": {
      "version": "3.4.6",
      "from": "express@3.4.6",
      "resolved": "http://registry.npmjs.org/express/-/express-3.4.6.tgz",
      "dependencies": {
        "connect": {
          "version": "2.11.2",
          "from": "connect@2.11.2",
          "dependencies": {
            "qs": {
              "version": "0.6.5",
              "from": "qs@0.6.5"
            },
            "bytes": {
              "version": "0.2.1",
              "from": "bytes@0.2.1"
            },
            "pause": {
              "version": "0.0.1",
              "from": "pause@0.0.1"
            },
            "uid2": {
              "version": "0.0.3",
              "from": "uid2@0.0.3"
            },
            "raw-body": {
              "version": "1.1.2",
              "from": "raw-body@1.1.2"
            },
            "negotiator": {
              "version": "0.3.0",
              "from": "negotiator@0.3.0"
            },
            "multiparty": {
              "version": "2.2.0",
              "from": "multiparty@2.2.0",
              "dependencies": {
                "readable-stream": {
                  "version": "1.1.9",
                  "from": "readable-stream@~1.1.9",
                  "dependencies": {
                    "core-util-is": {
                      "version": "1.0.0",
                      "from": "core-util-is@~1.0.0"
                    },
                    "debuglog": {
                      "version": "0.0.2",
                      "from": "debuglog@0.0.2"
                    }
                  }
                },
                "stream-counter": {
                  "version": "0.2.0",
                  "from": "stream-counter@~0.2.0"
                }
              }
            }
          }
        },
        "commander": {
          "version": "1.3.2",
          "from": "commander@1.3.2",
          "dependencies": {
            "keypress": {
              "version": "0.1.0",
              "from": "keypress@0.1.x"
            }
          }
        },
        "range-parser": {
          "version": "0.0.4",
          "from": "range-parser@0.0.4"
        },
        "mkdirp": {
          "version": "0.3.5",
          "from": "mkdirp@0.3.5"
        },
        "cookie": {
          "version": "0.1.0",
          "from": "cookie@0.1.0"
        },
        "buffer-crc32": {
          "version": "0.2.1",
          "from": "buffer-crc32@0.2.1"
        },
        "fresh": {
          "version": "0.2.0",
          "from": "fresh@0.2.0"
        },
        "methods": {
          "version": "0.1.0",
          "from": "methods@0.1.0"
        },
        "send": {
          "version": "0.1.4",
          "from": "send@0.1.4",
          "dependencies": {
            "mime": {
              "version": "1.2.11",
              "from": "mime@~1.2.9"
            }
          }
        },
        "cookie-signature": {
          "version": "1.0.1",
          "from": "cookie-signature@1.0.1"
        },
        "debug": {
          "version": "0.7.4",
          "from": "debug@>= 0.7.3 < 1"
        }
      }
    },
    "jade": {
      "version": "0.35.0",
      "from": "jade@0.35.0",
      "dependencies": {
        "commander": {
          "version": "2.0.0",
          "from": "commander@2.0.0"
        },
        "mkdirp": {
          "version": "0.3.5",
          "from": "mkdirp@0.3.x"
        },
        "transformers": {
          "version": "2.1.0",
          "from": "transformers@2.1.0",
          "dependencies": {
            "promise": {
              "version": "2.0.0",
              "from": "promise@~2.0",
              "dependencies": {
                "is-promise": {
                  "version": "1.0.0",
                  "from": "is-promise@~1"
                }
              }
            },
            "css": {
              "version": "1.0.8",
              "from": "css@~1.0.8",
              "dependencies": {
                "css-parse": {
                  "version": "1.0.4",
                  "from": "css-parse@1.0.4"
                },
                "css-stringify": {
                  "version": "1.0.5",
                  "from": "css-stringify@1.0.5",
                  "resolved": "http://registry.npmjs.org/css-stringify/-/css-stringify-1.0.5.tgz"
                }
              }
            },
            "uglify-js": {
              "version": "2.2.5",
              "from": "uglify-js@~2.2.5",
              "dependencies": {
                "source-map": {
                  "version": "0.1.31",
                  "from": "source-map@~0.1.7",
                  "dependencies": {
                    "amdefine": {
                      "version": "0.1.0",
                      "from": "amdefine@>=0.0.4"
                    }
                  }
                },
                "optimist": {
                  "version": "0.3.7",
                  "from": "optimist@~0.3.5",
                  "dependencies": {
                    "wordwrap": {
                      "version": "0.0.2",
                      "from": "wordwrap@~0.0.2"
                    }
                  }
                }
              }
            }
          }
        },
        "character-parser": {
          "version": "1.2.0",
          "from": "character-parser@1.2.0"
        },
        "monocle": {
          "version": "1.1.50",
          "from": "monocle@1.1.50",
          "dependencies": {
            "readdirp": {
              "version": "0.2.5",
              "from": "readdirp@~0.2.3",
              "dependencies": {
                "minimatch": {
                  "version": "0.2.12",
                  "from": "minimatch@>=0.2.4",
                  "dependencies": {
                    "lru-cache": {
                      "version": "2.5.0",
                      "from": "lru-cache@2"
                    },
                    "sigmund": {
                      "version": "1.0.0",
                      "from": "sigmund@~1.0.0"
                    }
                  }
                }
              }
            }
          }
        },
        "with": {
          "version": "1.1.1",
          "from": "with@~1.1.0",
          "dependencies": {
            "uglify-js": {
              "version": "2.4.0",
              "from": "uglify-js@2.4.0",
              "dependencies": {
                "async": {
                  "version": "0.2.9",
                  "from": "async@~0.2.6"
                },
                "source-map": {
                  "version": "0.1.31",
                  "from": "source-map@~0.1.7",
                  "dependencies": {
                    "amdefine": {
                      "version": "0.1.0",
                      "from": "amdefine@>=0.0.4"
                    }
                  }
                },
                "optimist": {
                  "version": "0.3.7",
                  "from": "optimist@~0.3.5",
                  "dependencies": {
                    "wordwrap": {
                      "version": "0.0.2",
                      "from": "wordwrap@~0.0.2"
                    }
                  }
                },
                "uglify-to-browserify": {
                  "version": "1.0.1",
                  "from": "uglify-to-browserify@~1.0.0"
                }
              }
            }
          }
        },
        "constantinople": {
          "version": "1.0.2",
          "from": "constantinople@~1.0.1",
          "dependencies": {
            "uglify-js": {
              "version": "2.4.7",
              "from": "uglify-js@~2.4.0",
              "resolved": "http://registry.npmjs.org/uglify-js/-/uglify-js-2.4.7.tgz",
              "dependencies": {
                "async": {
                  "version": "0.2.9",
                  "from": "async@~0.2.6"
                },
                "source-map": {
                  "version": "0.1.31",
                  "from": "source-map@~0.1.7",
                  "dependencies": {
                    "amdefine": {
                      "version": "0.1.0",
                      "from": "amdefine@>=0.0.4"
                    }
                  }
                },
                "optimist": {
                  "version": "0.3.7",
                  "from": "optimist@~0.3.5",
                  "dependencies": {
                    "wordwrap": {
                      "version": "0.0.2",
                      "from": "wordwrap@~0.0.2"
                    }
                  }
                },
                "uglify-to-browserify": {
                  "version": "1.0.1",
                  "from": "uglify-to-browserify@~1.0.0"
                }
              }
            }
          }
        }
      }
    },
    "sharify": {
      "version": "0.0.6",
      "from": "sharify@0.0.6"
    },
    "backbone": {
      "version": "1.1.0",
      "from": "backbone@1.1.0",
      "resolved": "http://registry.npmjs.org/backbone/-/backbone-1.1.0.tgz",
      "dependencies": {
        "underscore": {
          "version": "1.5.2",
          "from": "underscore@>=1.4.3"
        }
      }
    },
    "backbone-super-sync": {
      "version": "0.0.3",
      "from": "backbone-super-sync@0.0.3",
      "dependencies": {
        "superagent": {
          "version": "0.15.7",
          "from": "superagent@0.15.x",
          "dependencies": {
            "qs": {
              "version": "0.6.5",
              "from": "qs@0.6.5"
            },
            "formidable": {
              "version": "1.0.14",
              "from": "formidable@1.0.14"
            },
            "mime": {
              "version": "1.2.5",
              "from": "mime@1.2.5"
            },
            "emitter-component": {
              "version": "1.0.0",
              "from": "emitter-component@1.0.0"
            },
            "methods": {
              "version": "0.0.1",
              "from": "methods@0.0.1"
            },
            "cookiejar": {
              "version": "1.3.0",
              "from": "cookiejar@1.3.0"
            },
            "debug": {
              "version": "0.7.4",
              "from": "debug@~0.7.2"
            },
            "reduce-component": {
              "version": "1.0.1",
              "from": "reduce-component@1.0.1"
            }
          }
        }
      }
    },
    "coffee-script": {
      "version": "1.6.3",
      "from": "coffee-script@*"
    },
    "artsy-xapp-middleware": {
      "version": "0.1.1",
      "from": "artsy-xapp-middleware@0.1.1",
      "dependencies": {
        "moment": {
          "version": "2.4.0",
          "from": "moment@*"
        },
        "superagent": {
          "version": "0.15.7",
          "from": "superagent@0.15.x",
          "dependencies": {
            "qs": {
              "version": "0.6.5",
              "from": "qs@0.6.5"
            },
            "formidable": {
              "version": "1.0.14",
              "from": "formidable@1.0.14"
            },
            "mime": {
              "version": "1.2.5",
              "from": "mime@1.2.5"
            },
            "emitter-component": {
              "version": "1.0.0",
              "from": "emitter-component@1.0.0"
            },
            "methods": {
              "version": "0.0.1",
              "from": "methods@0.0.1"
            },
            "cookiejar": {
              "version": "1.3.0",
              "from": "cookiejar@1.3.0"
            },
            "debug": {
              "version": "0.7.4",
              "from": "debug@~0.7.2"
            },
            "reduce-component": {
              "version": "1.0.1",
              "from": "reduce-component@1.0.1"
            }
          }
        },
        "coffee-script": {
          "version": "1.6.3",
          "from": "coffee-script@*"
        }
      }
    },
    "http-proxy": {
      "version": "0.10.3",
      "from": "http-proxy@0.10.3",
      "resolved": "http://registry.npmjs.org/http-proxy/-/http-proxy-0.10.3.tgz",
      "dependencies": {
        "colors": {
          "version": "0.6.2",
          "from": "colors@0.x.x"
        },
        "optimist": {
          "version": "0.3.7",
          "from": "optimist@0.3.x",
          "dependencies": {
            "wordwrap": {
              "version": "0.0.2",
              "from": "wordwrap@~0.0.2"
            }
          }
        },
        "pkginfo": {
          "version": "0.2.3",
          "from": "pkginfo@0.2.x"
        },
        "utile": {
          "version": "0.1.7",
          "from": "utile@~0.1.7",
          "dependencies": {
            "async": {
              "version": "0.1.22",
              "from": "async@0.1.x"
            },
            "deep-equal": {
              "version": "0.1.0",
              "from": "deep-equal@*"
            },
            "i": {
              "version": "0.3.2",
              "from": "i@0.3.x"
            },
            "mkdirp": {
              "version": "0.3.5",
              "from": "mkdirp@0.x.x"
            },
            "ncp": {
              "version": "0.2.7",
              "from": "ncp@0.2.x"
            },
            "rimraf": {
              "version": "1.0.9",
              "from": "rimraf@1.x.x"
            }
          }
        }
      }
    },
    "showdown": {
      "version": "0.3.1",
      "from": "showdown@0.3.1",
      "resolved": "http://registry.npmjs.org/showdown/-/showdown-0.3.1.tgz"
    },
    "underscore": {
      "version": "1.5.2",
      "from": "underscore@1.5.2"
    },
    "newrelic": {
      "version": "1.2.0",
      "from": "newrelic@1.2.0",
      "dependencies": {
        "bunyan": {
          "version": "0.14.6",
          "from": "bunyan@0.14.6",
          "resolved": "https://registry.npmjs.org/bunyan/-/bunyan-0.14.6.tgz"
        },
        "continuation-local-storage": {
          "version": "2.6.2",
          "from": "continuation-local-storage@2.6.2",
          "resolved": "https://registry.npmjs.org/continuation-local-storage/-/continuation-local-storage-2.6.2.tgz",
          "dependencies": {
            "emitter-listener": {
              "version": "1.0.1",
              "from": "emitter-listener@1.0.1",
              "resolved": "https://registry.npmjs.org/emitter-listener/-/emitter-listener-1.0.1.tgz",
              "dependencies": {
                "shimmer": {
                  "version": "1.0.0",
                  "from": "shimmer@1.0.0",
                  "resolved": "https://registry.npmjs.org/shimmer/-/shimmer-1.0.0.tgz"
                }
              }
            },
            "async-listener": {
              "version": "0.4.5",
              "from": "async-listener@0.4.5",
              "resolved": "https://registry.npmjs.org/async-listener/-/async-listener-0.4.5.tgz",
              "dependencies": {
                "shimmer": {
                  "version": "1.0.0",
                  "from": "shimmer@1.0.0",
                  "resolved": "https://registry.npmjs.org/shimmer/-/shimmer-1.0.0.tgz"
                }
              }
            }
          }
        }
      }
    },
    "underscore.string": {
      "version": "2.3.3",
      "from": "underscore.string@2.3.3"
    },
    "q": {
      "version": "0.9.7",
      "from": "q@0.9.7"
    }
  }
}
